
Microsoft Visual Studio Solution File, Format Version 12.00
# Visual Studio Version 17
VisualStudioVersion = 17.2.32630.192
MinimumVisualStudioVersion = 10.0.40219.1
Project("{9A19103F-16F7-4668-BE54-9A1E7A4F7556}") = "BankingProject", "BankingProject.csproj", "{BD2E226E-0F72-4AA9-9789-038D12298F1E}"
EndProject
Global
	GlobalSection(SolutionConfigurationPlatforms) = preSolution
		Debug|Any CPU = Debug|Any CPU
		Release|Any CPU = Release|Any CPU
	EndGlobalSection
	GlobalSection(ProjectConfigurationPlatforms) = postSolution
		{BD2E226E-0F72-4AA9-9789-038D12298F1E}.Debug|Any CPU.ActiveCfg = Debug|Any CPU
		{BD2E226E-0F72-4AA9-9789-038D12298F1E}.Debug|Any CPU.Build.0 = Debug|Any CPU
		{BD2E226E-0F72-4AA9-9789-038D12298F1E}.Release|Any CPU.ActiveCfg = Release|Any CPU
		{BD2E226E-0F72-4AA9-9789-038D12298F1E}.Release|Any CPU.Build.0 = Release|Any CPU
	EndGlobalSection
	GlobalSection(SolutionProperties) = preSolution
		HideSolutionNode = FALSE
	EndGlobalSection
	GlobalSection(ExtensibilityGlobals) = postSolution
		SolutionGuid = {0CC99F37-FDC1-4241-B5D3-05239240D57B}
	EndGlobalSection
EndGlobal
